
Microsoft Visual Studio Solution File, Format Version 12.00
# Visual Studio 14
VisualStudioVersion = 14.0.25420.1
MinimumVisualStudioVersion = 10.0.40219.1
Project("{FAE04EC0-301F-11D3-BF4B-00C04F79EFBC}") = "ATMvc", "ATMvc\ATMvc.csproj", "{BB8FB17D-E930-4B54-B1BB-0713914C0020}"
EndProject
Project("{FAE04EC0-301F-11D3-BF4B-00C04F79EFBC}") = "ATMvc.Tests", "ATMvc.Tests\ATMvc.Tests.csproj", "{E48C748C-EEC7-480A-82B1-2BC260771606}"
EndProject
Global
	GlobalSection(SolutionConfigurationPlatforms) = preSolution
		Debug|Any CPU = Debug|Any CPU
		Release|Any CPU = Release|Any CPU
	EndGlobalSection
	GlobalSection(ProjectConfigurationPlatforms) = postSolution
		{BB8FB17D-E930-4B54-B1BB-0713914C0020}.Debug|Any CPU.ActiveCfg = Debug|Any CPU
		{BB8FB17D-E930-4B54-B1BB-0713914C0020}.Debug|Any CPU.Build.0 = Debug|Any CPU
		{BB8FB17D-E930-4B54-B1BB-0713914C0020}.Release|Any CPU.ActiveCfg = Release|Any CPU
		{BB8FB17D-E930-4B54-B1BB-0713914C0020}.Release|Any CPU.Build.0 = Release|Any CPU
		{E48C748C-EEC7-480A-82B1-2BC260771606}.Debug|Any CPU.ActiveCfg = Debug|Any CPU
		{E48C748C-EEC7-480A-82B1-2BC260771606}.Debug|Any CPU.Build.0 = Debug|Any CPU
		{E48C748C-EEC7-480A-82B1-2BC260771606}.Release|Any CPU.ActiveCfg = Release|Any CPU
		{E48C748C-EEC7-480A-82B1-2BC260771606}.Release|Any CPU.Build.0 = Release|Any CPU
	EndGlobalSection
	GlobalSection(SolutionProperties) = preSolution
		HideSolutionNode = FALSE
	EndGlobalSection
EndGlobal
